
Microsoft Visual Studio Solution File, Format Version 12.00
# Visual Studio 2013
VisualStudioVersion = 12.0.21005.1
MinimumVisualStudioVersion = 10.0.40219.1
Project("{FAE04EC0-301F-11D3-BF4B-00C04F79EFBC}") = "playNET", "playNET\playNET.csproj", "{B3592AFB-571E-44F5-9712-D9635BD0C068}"
EndProject
Project("{FAE04EC0-301F-11D3-BF4B-00C04F79EFBC}") = "playNET.Tests", "playNET.Tests\playNET.Tests.csproj", "{C98B2287-03F5-4BB3-A441-DA73ED724DF1}"
EndProject
Project("{2150E333-8FDC-42A3-9474-1A3956D46DE8}") = ".nuget", ".nuget", "{4BCE07F8-FE3D-4A28-A172-F166BF35123C}"
	ProjectSection(SolutionItems) = preProject
		.nuget\NuGet.Config = .nuget\NuGet.Config
		.nuget\NuGet.exe = .nuget\NuGet.exe
		.nuget\NuGet.targets = .nuget\NuGet.targets
	EndProjectSection
EndProject
Global
	GlobalSection(SolutionConfigurationPlatforms) = preSolution
		Debug|Any CPU = Debug|Any CPU
		Release|Any CPU = Release|Any CPU
	EndGlobalSection
	GlobalSection(ProjectConfigurationPlatforms) = postSolution
		{B3592AFB-571E-44F5-9712-D9635BD0C068}.Debug|Any CPU.ActiveCfg = Debug|Any CPU
		{B3592AFB-571E-44F5-9712-D9635BD0C068}.Debug|Any CPU.Build.0 = Debug|Any CPU
		{B3592AFB-571E-44F5-9712-D9635BD0C068}.Release|Any CPU.ActiveCfg = Release|Any CPU
		{B3592AFB-571E-44F5-9712-D9635BD0C068}.Release|Any CPU.Build.0 = Release|Any CPU
		{C98B2287-03F5-4BB3-A441-DA73ED724DF1}.Debug|Any CPU.ActiveCfg = Debug|Any CPU
		{C98B2287-03F5-4BB3-A441-DA73ED724DF1}.Debug|Any CPU.Build.0 = Debug|Any CPU
		{C98B2287-03F5-4BB3-A441-DA73ED724DF1}.Release|Any CPU.ActiveCfg = Release|Any CPU
		{C98B2287-03F5-4BB3-A441-DA73ED724DF1}.Release|Any CPU.Build.0 = Release|Any CPU
	EndGlobalSection
	GlobalSection(SolutionProperties) = preSolution
		HideSolutionNode = FALSE
	EndGlobalSection
EndGlobal
